
Microsoft Visual Studio Solution File, Format Version 12.00
# Visual Studio Version 17
VisualStudioVersion = 17.5.33530.505
MinimumVisualStudioVersion = 10.0.40219.1
Project("{FAE04EC0-301F-11D3-BF4B-00C04F79EFBC}") = "Data Types", "Data Types\Data Types.csproj", "{19EA5210-9F14-4838-B10F-485CB1930FC3}"
EndProject
Global
	GlobalSection(SolutionConfigurationPlatforms) = preSolution
		Debug|Any CPU = Debug|Any CPU
		Release|Any CPU = Release|Any CPU
	EndGlobalSection
	GlobalSection(ProjectConfigurationPlatforms) = postSolution
		{19EA5210-9F14-4838-B10F-485CB1930FC3}.Debug|Any CPU.ActiveCfg = Debug|Any CPU
		{19EA5210-9F14-4838-B10F-485CB1930FC3}.Debug|Any CPU.Build.0 = Debug|Any CPU
		{19EA5210-9F14-4838-B10F-485CB1930FC3}.Release|Any CPU.ActiveCfg = Release|Any CPU
		{19EA5210-9F14-4838-B10F-485CB1930FC3}.Release|Any CPU.Build.0 = Release|Any CPU
	EndGlobalSection
	GlobalSection(SolutionProperties) = preSolution
		HideSolutionNode = FALSE
	EndGlobalSection
	GlobalSection(ExtensibilityGlobals) = postSolution
		SolutionGuid = {BD148F85-FE52-4E54-BEAD-73BB00B284FA}
	EndGlobalSection
EndGlobal
